
Microsoft Visual Studio Solution File, Format Version 12.00
Project("{FAE04EC0-301F-11D3-BF4B-00C04F79EFBC}") = "RealEstate_Dapper_API", "RealEstate_Dapper_API\RealEstate_Dapper_API.csproj", "{3F75D392-34CD-4791-934C-9548BAA0A8D0}"
EndProject
Project("{FAE04EC0-301F-11D3-BF4B-00C04F79EFBC}") = "RealEstate_Dapper_UI", "RealEstate_Dapper_UI\RealEstate_Dapper_UI.csproj", "{07699DFF-F03A-48A7-9B35-392686D1567F}"
EndProject
Global
	GlobalSection(SolutionConfigurationPlatforms) = preSolution
		Debug|Any CPU = Debug|Any CPU
		Release|Any CPU = Release|Any CPU
	EndGlobalSection
	GlobalSection(ProjectConfigurationPlatforms) = postSolution
		{3F75D392-34CD-4791-934C-9548BAA0A8D0}.Debug|Any CPU.ActiveCfg = Debug|Any CPU
		{3F75D392-34CD-4791-934C-9548BAA0A8D0}.Debug|Any CPU.Build.0 = Debug|Any CPU
		{3F75D392-34CD-4791-934C-9548BAA0A8D0}.Release|Any CPU.ActiveCfg = Release|Any CPU
		{3F75D392-34CD-4791-934C-9548BAA0A8D0}.Release|Any CPU.Build.0 = Release|Any CPU
		{07699DFF-F03A-48A7-9B35-392686D1567F}.Debug|Any CPU.ActiveCfg = Debug|Any CPU
		{07699DFF-F03A-48A7-9B35-392686D1567F}.Debug|Any CPU.Build.0 = Debug|Any CPU
		{07699DFF-F03A-48A7-9B35-392686D1567F}.Release|Any CPU.ActiveCfg = Release|Any CPU
		{07699DFF-F03A-48A7-9B35-392686D1567F}.Release|Any CPU.Build.0 = Release|Any CPU
	EndGlobalSection
EndGlobal
